
Microsoft Visual Studio Solution File, Format Version 12.00
# Visual Studio Version 17
VisualStudioVersion = 17.8.34330.188
MinimumVisualStudioVersion = 10.0.40219.1
Project("{9A19103F-16F7-4668-BE54-9A1E7A4F7556}") = "AbdiHotelConsole", "AbdiHotelConsole.csproj", "{5158BCDD-F74D-48F9-B963-F4EE92994B28}"
EndProject
Project("{FAE04EC0-301F-11D3-BF4B-00C04F79EFBC}") = "AbdiHotelLibrary", "..\AbdiHotelLibrary\AbdiHotelLibrary.csproj", "{99887157-83E5-431F-B171-0C26CF0284EC}"
EndProject
Global
	GlobalSection(SolutionConfigurationPlatforms) = preSolution
		Debug|Any CPU = Debug|Any CPU
		Release|Any CPU = Release|Any CPU
	EndGlobalSection
	GlobalSection(ProjectConfigurationPlatforms) = postSolution
		{5158BCDD-F74D-48F9-B963-F4EE92994B28}.Debug|Any CPU.ActiveCfg = Debug|Any CPU
		{5158BCDD-F74D-48F9-B963-F4EE92994B28}.Debug|Any CPU.Build.0 = Debug|Any CPU
		{5158BCDD-F74D-48F9-B963-F4EE92994B28}.Release|Any CPU.ActiveCfg = Release|Any CPU
		{5158BCDD-F74D-48F9-B963-F4EE92994B28}.Release|Any CPU.Build.0 = Release|Any CPU
		{99887157-83E5-431F-B171-0C26CF0284EC}.Debug|Any CPU.ActiveCfg = Debug|Any CPU
		{99887157-83E5-431F-B171-0C26CF0284EC}.Debug|Any CPU.Build.0 = Debug|Any CPU
		{99887157-83E5-431F-B171-0C26CF0284EC}.Release|Any CPU.ActiveCfg = Release|Any CPU
		{99887157-83E5-431F-B171-0C26CF0284EC}.Release|Any CPU.Build.0 = Release|Any CPU
	EndGlobalSection
	GlobalSection(SolutionProperties) = preSolution
		HideSolutionNode = FALSE
	EndGlobalSection
	GlobalSection(ExtensibilityGlobals) = postSolution
		SolutionGuid = {D2065206-56FB-49D4-9E8C-0B86BA75BFC9}
	EndGlobalSection
EndGlobal
